
Microsoft Visual Studio Solution File, Format Version 12.00
# Visual Studio Version 17
VisualStudioVersion = 17.9.34607.119
MinimumVisualStudioVersion = 10.0.40219.1
Project("{FAE04EC0-301F-11D3-BF4B-00C04F79EFBC}") = "FireWallie", "FireWallie\FireWallie.csproj", "{BC61EB32-7B68-4AFB-8C90-DA814D0EA7EE}"
EndProject
Global
	GlobalSection(SolutionConfigurationPlatforms) = preSolution
		Debug|Any CPU = Debug|Any CPU
		Release|Any CPU = Release|Any CPU
	EndGlobalSection
	GlobalSection(ProjectConfigurationPlatforms) = postSolution
		{BC61EB32-7B68-4AFB-8C90-DA814D0EA7EE}.Debug|Any CPU.ActiveCfg = Debug|Any CPU
		{BC61EB32-7B68-4AFB-8C90-DA814D0EA7EE}.Debug|Any CPU.Build.0 = Debug|Any CPU
		{BC61EB32-7B68-4AFB-8C90-DA814D0EA7EE}.Release|Any CPU.ActiveCfg = Release|Any CPU
		{BC61EB32-7B68-4AFB-8C90-DA814D0EA7EE}.Release|Any CPU.Build.0 = Release|Any CPU
	EndGlobalSection
	GlobalSection(SolutionProperties) = preSolution
		HideSolutionNode = FALSE
	EndGlobalSection
	GlobalSection(ExtensibilityGlobals) = postSolution
		SolutionGuid = {468E40A2-6F6F-4D73-BBAE-F9D1E003385C}
	EndGlobalSection
EndGlobal
